{
  "name": "webinar-exercise",
  "version": "1.0.0",
  "lockfileVersion": 2,
  "requires": true,
  "packages": {
    "": {
      "name": "webinar-exercise",
      "version": "1.0.0",
      "license": "ISC",
      "dependencies": {
        "@mycelial/nodejs": "^0.2.10-canary.0",
        "@mycelial/v0": "^0.2.10-canary.0",
        "@mycelial/websocket": "^0.2.10-canary.0",
        "cuid": "^2.1.8",
        "systeminformation": "^5.12.2"
      }
    },
    "node_modules/@mycelial/core": {
      "version": "0.2.10-canary.0",
      "resolved": "https://registry.npmjs.org/@mycelial/core/-/core-0.2.10-canary.0.tgz",
      "integrity": "sha512-+5JwY7EWiXV4EBOJBH5txzEh7q2jIXex4i23MBReMtcKuNgqQBBw/lt14iINothmPWfiaHHZU4NWgfihhpGFKw==",
      "dependencies": {
        "@mycelial/wasm": "0.2.10-canary.0"
      }
    },
    "node_modules/@mycelial/nodejs": {
      "version": "0.2.10-canary.0",
      "resolved": "https://registry.npmjs.org/@mycelial/nodejs/-/nodejs-0.2.10-canary.0.tgz",
      "integrity": "sha512-i/FmJU6rvNE05cDvhe6UzJwFOhjLT/Vbu1HSFl1kSsv9pbcTR8c/tjQlrGEA542z2sULjBxMTWsZSZGQLupSPA==",
      "dependencies": {
        "@mycelial/core": "0.2.10-canary.0",
        "@mycelial/wasm": "0.2.10-canary.0",
        "import-meta-resolve": "^2.0.3",
        "isomorphic-ws": "^5.0.0",
        "ws": "^8.8.1"
      }
    },
    "node_modules/@mycelial/v0": {
      "version": "0.2.10-canary.0",
      "resolved": "https://registry.npmjs.org/@mycelial/v0/-/v0-0.2.10-canary.0.tgz",
      "integrity": "sha512-Iz6tTZb+e2cMxTNeuQ3sseqxfQGRPOFJ7Ha1O4D/HEuwN8QS94szrEIhLx7AJndlpuh973CH/G9jV8oP2g5alQ==",
      "dependencies": {
        "@mycelial/core": "0.2.10-canary.0"
      }
    },
    "node_modules/@mycelial/wasm": {
      "version": "0.2.10-canary.0",
      "resolved": "https://registry.npmjs.org/@mycelial/wasm/-/wasm-0.2.10-canary.0.tgz",
      "integrity": "sha512-YDifQ5z+SVMXrnktfevrSBTqUNhlKqso9WS9NGqLw34OCNU8gVJi9ds+a2R3vGNAiSuS+pWpsnPHlWFTMPjLeg=="
    },
    "node_modules/@mycelial/websocket": {
      "version": "0.2.10-canary.0",
      "resolved": "https://registry.npmjs.org/@mycelial/websocket/-/websocket-0.2.10-canary.0.tgz",
      "integrity": "sha512-CMzu2cUxQSZdpSmgb/fjxTtKT/ZNm5SAzxat2MJHqi94G4swQ8w+fZJNjbVX/ANlU69KUC5pohRXw+Qco30yRg==",
      "dependencies": {
        "lodash.isequal": "^4.5.0"
      }
    },
    "node_modules/builtins": {
      "version": "5.0.1",
      "resolved": "https://registry.npmjs.org/builtins/-/builtins-5.0.1.tgz",
      "integrity": "sha512-qwVpFEHNfhYJIzNRBvd2C1kyo6jz3ZSMPyyuR47OPdiKWlbYnZNyDWuyR175qDnAJLiCo5fBBqPb3RiXgWlkOQ==",
      "dependencies": {
        "semver": "^7.0.0"
      }
    },
    "node_modules/cuid": {
      "version": "2.1.8",
      "resolved": "https://registry.npmjs.org/cuid/-/cuid-2.1.8.tgz",
      "integrity": "sha512-xiEMER6E7TlTPnDxrM4eRiC6TRgjNX9xzEZ5U/Se2YJKr7Mq4pJn/2XEHjl3STcSh96GmkHPcBXLES8M29wyyg=="
    },
    "node_modules/import-meta-resolve": {
      "version": "2.0.3",
      "resolved": "https://registry.npmjs.org/import-meta-resolve/-/import-meta-resolve-2.0.3.tgz",
      "integrity": "sha512-fpAppnBpZ3ymQ/dPP97TNsco1HB5+V9SYJ3chY50PP8xn4U/w+Y6ovWBmTImB/prmGsTjzPh8pQYY+EVBlr9mw==",
      "dependencies": {
        "builtins": "^5.0.0"
      },
      "funding": {
        "type": "github",
        "url": "https://github.com/sponsors/wooorm"
      }
    },
    "node_modules/isomorphic-ws": {
      "version": "5.0.0",
      "resolved": "https://registry.npmjs.org/isomorphic-ws/-/isomorphic-ws-5.0.0.tgz",
      "integrity": "sha512-muId7Zzn9ywDsyXgTIafTry2sV3nySZeUDe6YedVd1Hvuuep5AsIlqK+XefWpYTyJG5e503F2xIuT2lcU6rCSw==",
      "peerDependencies": {
        "ws": "*"
      }
    },
    "node_modules/lodash.isequal": {
      "version": "4.5.0",
      "resolved": "https://registry.npmjs.org/lodash.isequal/-/lodash.isequal-4.5.0.tgz",
      "integrity": "sha512-pDo3lu8Jhfjqls6GkMgpahsF9kCyayhgykjyLMNFTKWrpVdAQtYyB4muAMWozBB4ig/dtWAmsMxLEI8wuz+DYQ=="
    },
    "node_modules/lru-cache": {
      "version": "6.0.0",
      "resolved": "https://registry.npmjs.org/lru-cache/-/lru-cache-6.0.0.tgz",
      "integrity": "sha512-Jo6dJ04CmSjuznwJSS3pUeWmd/H0ffTlkXXgwZi+eq1UCmqQwCh+eLsYOYCwY991i2Fah4h1BEMCx4qThGbsiA==",
      "dependencies": {
        "yallist": "^4.0.0"
      },
      "engines": {
        "node": ">=10"
      }
    },
    "node_modules/semver": {
      "version": "7.3.7",
      "resolved": "https://registry.npmjs.org/semver/-/semver-7.3.7.tgz",
      "integrity": "sha512-QlYTucUYOews+WeEujDoEGziz4K6c47V/Bd+LjSSYcA94p+DmINdf7ncaUinThfvZyu13lN9OY1XDxt8C0Tw0g==",
      "dependencies": {
        "lru-cache": "^6.0.0"
      },
      "bin": {
        "semver": "bin/semver.js"
      },
      "engines": {
        "node": ">=10"
      }
    },
    "node_modules/systeminformation": {
      "version": "5.12.2",
      "resolved": "https://registry.npmjs.org/systeminformation/-/systeminformation-5.12.2.tgz",
      "integrity": "sha512-j0Ix2l69jcoEerA9jAAr6CYWGKFbn1mB6Uw7m8xnOXs6XGvMKA4etZpsqyWnr8H/8SvVePzTae3y5CC8q+mC5w==",
      "os": [
        "darwin",
        "linux",
        "win32",
        "freebsd",
        "openbsd",
        "netbsd",
        "sunos",
        "android"
      ],
      "bin": {
        "systeminformation": "lib/cli.js"
      },
      "engines": {
        "node": ">=8.0.0"
      },
      "funding": {
        "type": "Buy me a coffee",
        "url": "https://www.buymeacoffee.com/systeminfo"
      }
    },
    "node_modules/ws": {
      "version": "8.8.1",
      "resolved": "https://registry.npmjs.org/ws/-/ws-8.8.1.tgz",
      "integrity": "sha512-bGy2JzvzkPowEJV++hF07hAD6niYSr0JzBNo/J29WsB57A2r7Wlc1UFcTR9IzrPvuNVO4B8LGqF8qcpsVOhJCA==",
      "engines": {
        "node": ">=10.0.0"
      },
      "peerDependencies": {
        "bufferutil": "^4.0.1",
        "utf-8-validate": "^5.0.2"
      },
      "peerDependenciesMeta": {
        "bufferutil": {
          "optional": true
        },
        "utf-8-validate": {
          "optional": true
        }
      }
    },
    "node_modules/yallist": {
      "version": "4.0.0",
      "resolved": "https://registry.npmjs.org/yallist/-/yallist-4.0.0.tgz",
      "integrity": "sha512-3wdGidZyq5PB084XLES5TpOSRA3wjXAlIWMhum2kRcv/41Sn2emQ0dycQW4uZXLejwKvg6EsvbdlVL+FYEct7A=="
    }
  },
  "dependencies": {
    "@mycelial/core": {
      "version": "0.2.10-canary.0",
      "resolved": "https://registry.npmjs.org/@mycelial/core/-/core-0.2.10-canary.0.tgz",
      "integrity": "sha512-+5JwY7EWiXV4EBOJBH5txzEh7q2jIXex4i23MBReMtcKuNgqQBBw/lt14iINothmPWfiaHHZU4NWgfihhpGFKw==",
      "requires": {
        "@mycelial/wasm": "0.2.10-canary.0"
      }
    },
    "@mycelial/nodejs": {
      "version": "0.2.10-canary.0",
      "resolved": "https://registry.npmjs.org/@mycelial/nodejs/-/nodejs-0.2.10-canary.0.tgz",
      "integrity": "sha512-i/FmJU6rvNE05cDvhe6UzJwFOhjLT/Vbu1HSFl1kSsv9pbcTR8c/tjQlrGEA542z2sULjBxMTWsZSZGQLupSPA==",
      "requires": {
        "@mycelial/core": "0.2.10-canary.0",
        "@mycelial/wasm": "0.2.10-canary.0",
        "import-meta-resolve": "^2.0.3",
        "isomorphic-ws": "^5.0.0",
        "ws": "^8.8.1"
      }
    },
    "@mycelial/v0": {
      "version": "0.2.10-canary.0",
      "resolved": "https://registry.npmjs.org/@mycelial/v0/-/v0-0.2.10-canary.0.tgz",
      "integrity": "sha512-Iz6tTZb+e2cMxTNeuQ3sseqxfQGRPOFJ7Ha1O4D/HEuwN8QS94szrEIhLx7AJndlpuh973CH/G9jV8oP2g5alQ==",
      "requires": {
        "@mycelial/core": "0.2.10-canary.0"
      }
    },
    "@mycelial/wasm": {
      "version": "0.2.10-canary.0",
      "resolved": "https://registry.npmjs.org/@mycelial/wasm/-/wasm-0.2.10-canary.0.tgz",
      "integrity": "sha512-YDifQ5z+SVMXrnktfevrSBTqUNhlKqso9WS9NGqLw34OCNU8gVJi9ds+a2R3vGNAiSuS+pWpsnPHlWFTMPjLeg=="
    },
    "@mycelial/websocket": {
      "version": "0.2.10-canary.0",
      "resolved": "https://registry.npmjs.org/@mycelial/websocket/-/websocket-0.2.10-canary.0.tgz",
      "integrity": "sha512-CMzu2cUxQSZdpSmgb/fjxTtKT/ZNm5SAzxat2MJHqi94G4swQ8w+fZJNjbVX/ANlU69KUC5pohRXw+Qco30yRg==",
      "requires": {
        "lodash.isequal": "^4.5.0"
      }
    },
    "builtins": {
      "version": "5.0.1",
      "resolved": "https://registry.npmjs.org/builtins/-/builtins-5.0.1.tgz",
      "integrity": "sha512-qwVpFEHNfhYJIzNRBvd2C1kyo6jz3ZSMPyyuR47OPdiKWlbYnZNyDWuyR175qDnAJLiCo5fBBqPb3RiXgWlkOQ==",
      "requires": {
        "semver": "^7.0.0"
      }
    },
    "cuid": {
      "version": "2.1.8",
      "resolved": "https://registry.npmjs.org/cuid/-/cuid-2.1.8.tgz",
      "integrity": "sha512-xiEMER6E7TlTPnDxrM4eRiC6TRgjNX9xzEZ5U/Se2YJKr7Mq4pJn/2XEHjl3STcSh96GmkHPcBXLES8M29wyyg=="
    },
    "import-meta-resolve": {
      "version": "2.0.3",
      "resolved": "https://registry.npmjs.org/import-meta-resolve/-/import-meta-resolve-2.0.3.tgz",
      "integrity": "sha512-fpAppnBpZ3ymQ/dPP97TNsco1HB5+V9SYJ3chY50PP8xn4U/w+Y6ovWBmTImB/prmGsTjzPh8pQYY+EVBlr9mw==",
      "requires": {
        "builtins": "^5.0.0"
      }
    },
    "isomorphic-ws": {
      "version": "5.0.0",
      "resolved": "https://registry.npmjs.org/isomorphic-ws/-/isomorphic-ws-5.0.0.tgz",
      "integrity": "sha512-muId7Zzn9ywDsyXgTIafTry2sV3nySZeUDe6YedVd1Hvuuep5AsIlqK+XefWpYTyJG5e503F2xIuT2lcU6rCSw==",
      "requires": {}
    },
    "lodash.isequal": {
      "version": "4.5.0",
      "resolved": "https://registry.npmjs.org/lodash.isequal/-/lodash.isequal-4.5.0.tgz",
      "integrity": "sha512-pDo3lu8Jhfjqls6GkMgpahsF9kCyayhgykjyLMNFTKWrpVdAQtYyB4muAMWozBB4ig/dtWAmsMxLEI8wuz+DYQ=="
    },
    "lru-cache": {
      "version": "6.0.0",
      "resolved": "https://registry.npmjs.org/lru-cache/-/lru-cache-6.0.0.tgz",
      "integrity": "sha512-Jo6dJ04CmSjuznwJSS3pUeWmd/H0ffTlkXXgwZi+eq1UCmqQwCh+eLsYOYCwY991i2Fah4h1BEMCx4qThGbsiA==",
      "requires": {
        "yallist": "^4.0.0"
      }
    },
    "semver": {
      "version": "7.3.7",
      "resolved": "https://registry.npmjs.org/semver/-/semver-7.3.7.tgz",
      "integrity": "sha512-QlYTucUYOews+WeEujDoEGziz4K6c47V/Bd+LjSSYcA94p+DmINdf7ncaUinThfvZyu13lN9OY1XDxt8C0Tw0g==",
      "requires": {
        "lru-cache": "^6.0.0"
      }
    },
    "systeminformation": {
      "version": "5.12.2",
      "resolved": "https://registry.npmjs.org/systeminformation/-/systeminformation-5.12.2.tgz",
      "integrity": "sha512-j0Ix2l69jcoEerA9jAAr6CYWGKFbn1mB6Uw7m8xnOXs6XGvMKA4etZpsqyWnr8H/8SvVePzTae3y5CC8q+mC5w=="
    },
    "ws": {
      "version": "8.8.1",
      "resolved": "https://registry.npmjs.org/ws/-/ws-8.8.1.tgz",
      "integrity": "sha512-bGy2JzvzkPowEJV++hF07hAD6niYSr0JzBNo/J29WsB57A2r7Wlc1UFcTR9IzrPvuNVO4B8LGqF8qcpsVOhJCA==",
      "requires": {}
    },
    "yallist": {
      "version": "4.0.0",
      "resolved": "https://registry.npmjs.org/yallist/-/yallist-4.0.0.tgz",
      "integrity": "sha512-3wdGidZyq5PB084XLES5TpOSRA3wjXAlIWMhum2kRcv/41Sn2emQ0dycQW4uZXLejwKvg6EsvbdlVL+FYEct7A=="
    }
  }
}
