{
  "name": "webinar-exercise",
  "version": "1.0.0",
  "lockfileVersion": 2,
  "requires": true,
  "packages": {
    "": {
      "name": "webinar-exercise",
      "version": "1.0.0",
      "license": "ISC",
      "dependencies": {
        "@mycelial/nodejs": "^0.2.10",
        "@mycelial/v0": "^0.2.10",
        "@mycelial/web": "^0.2.10",
        "@mycelial/websocket": "^0.2.10"
      }
    },
    "node_modules/@mycelial/core": {
      "version": "0.2.10",
      "resolved": "https://registry.npmjs.org/@mycelial/core/-/core-0.2.10.tgz",
      "integrity": "sha512-+iCp9zTlye7TJ9I9NwzAcQpfhyWTbXc2z1qFzXC9IXa9IAIM2P3qfgeMMFvVInHXdW30bhfyDkPoqTjNSIqE5w==",
      "dependencies": {
        "@mycelial/wasm": "0.2.10"
      }
    },
    "node_modules/@mycelial/nodejs": {
      "version": "0.2.10",
      "resolved": "https://registry.npmjs.org/@mycelial/nodejs/-/nodejs-0.2.10.tgz",
      "integrity": "sha512-6o2e7ra2kWinXXQX9s00K9vVbzOhWmXg91w+nv8zT0iwjXEcGJ3d90SYdH7AFQ+7XgbmuGkzEMxSc1PNldSVLg==",
      "dependencies": {
        "@mycelial/core": "0.2.10",
        "@mycelial/wasm": "0.2.10",
        "import-meta-resolve": "^2.0.3",
        "isomorphic-ws": "^5.0.0",
        "ws": "^8.8.1"
      }
    },
    "node_modules/@mycelial/v0": {
      "version": "0.2.10",
      "resolved": "https://registry.npmjs.org/@mycelial/v0/-/v0-0.2.10.tgz",
      "integrity": "sha512-wi0Mtn2IWTOI8CFeLLXdHSFiK/QGd/ZoLcSr060effs1+WXEmL3ek74w7yJdne7sCoOU7Q8+4pYnK5jtQFOEow==",
      "dependencies": {
        "@mycelial/core": "0.2.10"
      }
    },
    "node_modules/@mycelial/wasm": {
      "version": "0.2.10",
      "resolved": "https://registry.npmjs.org/@mycelial/wasm/-/wasm-0.2.10.tgz",
      "integrity": "sha512-c+nIAvlpl8rDONiXorGal7XXQHa5S78I5CxTsaC9Yr9onQiEmjFqnpKp+bVZWbe5RtlJ5/tKGfgUc7A5U5RvJA=="
    },
    "node_modules/@mycelial/web": {
      "version": "0.2.10",
      "resolved": "https://registry.npmjs.org/@mycelial/web/-/web-0.2.10.tgz",
      "integrity": "sha512-fAYC6FAOHr3FMvSUMQ8SL+qwE5Q42fPwNIx6pqvATkgD8KInRJPGETFE5824p9ROzDkvROReWXIZipzdH2R+7g==",
      "dependencies": {
        "@mycelial/core": "0.2.10",
        "@mycelial/wasm": "0.2.10"
      }
    },
    "node_modules/@mycelial/websocket": {
      "version": "0.2.10",
      "resolved": "https://registry.npmjs.org/@mycelial/websocket/-/websocket-0.2.10.tgz",
      "integrity": "sha512-ddgdv9rpZmytPYFqThr+Xb5gLzHcotyWVvqHNUcEFyJnjucEFZNO3SExlcZfbKuUGNjbqtw/HNTTmXmU+omHAQ==",
      "dependencies": {
        "lodash.isequal": "^4.5.0"
      }
    },
    "node_modules/builtins": {
      "version": "5.0.1",
      "resolved": "https://registry.npmjs.org/builtins/-/builtins-5.0.1.tgz",
      "integrity": "sha512-qwVpFEHNfhYJIzNRBvd2C1kyo6jz3ZSMPyyuR47OPdiKWlbYnZNyDWuyR175qDnAJLiCo5fBBqPb3RiXgWlkOQ==",
      "dependencies": {
        "semver": "^7.0.0"
      }
    },
    "node_modules/import-meta-resolve": {
      "version": "2.0.3",
      "resolved": "https://registry.npmjs.org/import-meta-resolve/-/import-meta-resolve-2.0.3.tgz",
      "integrity": "sha512-fpAppnBpZ3ymQ/dPP97TNsco1HB5+V9SYJ3chY50PP8xn4U/w+Y6ovWBmTImB/prmGsTjzPh8pQYY+EVBlr9mw==",
      "dependencies": {
        "builtins": "^5.0.0"
      },
      "funding": {
        "type": "github",
        "url": "https://github.com/sponsors/wooorm"
      }
    },
    "node_modules/isomorphic-ws": {
      "version": "5.0.0",
      "resolved": "https://registry.npmjs.org/isomorphic-ws/-/isomorphic-ws-5.0.0.tgz",
      "integrity": "sha512-muId7Zzn9ywDsyXgTIafTry2sV3nySZeUDe6YedVd1Hvuuep5AsIlqK+XefWpYTyJG5e503F2xIuT2lcU6rCSw==",
      "peerDependencies": {
        "ws": "*"
      }
    },
    "node_modules/lodash.isequal": {
      "version": "4.5.0",
      "resolved": "https://registry.npmjs.org/lodash.isequal/-/lodash.isequal-4.5.0.tgz",
      "integrity": "sha512-pDo3lu8Jhfjqls6GkMgpahsF9kCyayhgykjyLMNFTKWrpVdAQtYyB4muAMWozBB4ig/dtWAmsMxLEI8wuz+DYQ=="
    },
    "node_modules/lru-cache": {
      "version": "6.0.0",
      "resolved": "https://registry.npmjs.org/lru-cache/-/lru-cache-6.0.0.tgz",
      "integrity": "sha512-Jo6dJ04CmSjuznwJSS3pUeWmd/H0ffTlkXXgwZi+eq1UCmqQwCh+eLsYOYCwY991i2Fah4h1BEMCx4qThGbsiA==",
      "dependencies": {
        "yallist": "^4.0.0"
      },
      "engines": {
        "node": ">=10"
      }
    },
    "node_modules/semver": {
      "version": "7.3.7",
      "resolved": "https://registry.npmjs.org/semver/-/semver-7.3.7.tgz",
      "integrity": "sha512-QlYTucUYOews+WeEujDoEGziz4K6c47V/Bd+LjSSYcA94p+DmINdf7ncaUinThfvZyu13lN9OY1XDxt8C0Tw0g==",
      "dependencies": {
        "lru-cache": "^6.0.0"
      },
      "bin": {
        "semver": "bin/semver.js"
      },
      "engines": {
        "node": ">=10"
      }
    },
    "node_modules/ws": {
      "version": "8.8.1",
      "resolved": "https://registry.npmjs.org/ws/-/ws-8.8.1.tgz",
      "integrity": "sha512-bGy2JzvzkPowEJV++hF07hAD6niYSr0JzBNo/J29WsB57A2r7Wlc1UFcTR9IzrPvuNVO4B8LGqF8qcpsVOhJCA==",
      "engines": {
        "node": ">=10.0.0"
      },
      "peerDependencies": {
        "bufferutil": "^4.0.1",
        "utf-8-validate": "^5.0.2"
      },
      "peerDependenciesMeta": {
        "bufferutil": {
          "optional": true
        },
        "utf-8-validate": {
          "optional": true
        }
      }
    },
    "node_modules/yallist": {
      "version": "4.0.0",
      "resolved": "https://registry.npmjs.org/yallist/-/yallist-4.0.0.tgz",
      "integrity": "sha512-3wdGidZyq5PB084XLES5TpOSRA3wjXAlIWMhum2kRcv/41Sn2emQ0dycQW4uZXLejwKvg6EsvbdlVL+FYEct7A=="
    }
  },
  "dependencies": {
    "@mycelial/core": {
      "version": "0.2.10",
      "resolved": "https://registry.npmjs.org/@mycelial/core/-/core-0.2.10.tgz",
      "integrity": "sha512-+iCp9zTlye7TJ9I9NwzAcQpfhyWTbXc2z1qFzXC9IXa9IAIM2P3qfgeMMFvVInHXdW30bhfyDkPoqTjNSIqE5w==",
      "requires": {
        "@mycelial/wasm": "0.2.10"
      }
    },
    "@mycelial/nodejs": {
      "version": "0.2.10",
      "resolved": "https://registry.npmjs.org/@mycelial/nodejs/-/nodejs-0.2.10.tgz",
      "integrity": "sha512-6o2e7ra2kWinXXQX9s00K9vVbzOhWmXg91w+nv8zT0iwjXEcGJ3d90SYdH7AFQ+7XgbmuGkzEMxSc1PNldSVLg==",
      "requires": {
        "@mycelial/core": "0.2.10",
        "@mycelial/wasm": "0.2.10",
        "import-meta-resolve": "^2.0.3",
        "isomorphic-ws": "^5.0.0",
        "ws": "^8.8.1"
      }
    },
    "@mycelial/v0": {
      "version": "0.2.10",
      "resolved": "https://registry.npmjs.org/@mycelial/v0/-/v0-0.2.10.tgz",
      "integrity": "sha512-wi0Mtn2IWTOI8CFeLLXdHSFiK/QGd/ZoLcSr060effs1+WXEmL3ek74w7yJdne7sCoOU7Q8+4pYnK5jtQFOEow==",
      "requires": {
        "@mycelial/core": "0.2.10"
      }
    },
    "@mycelial/wasm": {
      "version": "0.2.10",
      "resolved": "https://registry.npmjs.org/@mycelial/wasm/-/wasm-0.2.10.tgz",
      "integrity": "sha512-c+nIAvlpl8rDONiXorGal7XXQHa5S78I5CxTsaC9Yr9onQiEmjFqnpKp+bVZWbe5RtlJ5/tKGfgUc7A5U5RvJA=="
    },
    "@mycelial/web": {
      "version": "0.2.10",
      "resolved": "https://registry.npmjs.org/@mycelial/web/-/web-0.2.10.tgz",
      "integrity": "sha512-fAYC6FAOHr3FMvSUMQ8SL+qwE5Q42fPwNIx6pqvATkgD8KInRJPGETFE5824p9ROzDkvROReWXIZipzdH2R+7g==",
      "requires": {
        "@mycelial/core": "0.2.10",
        "@mycelial/wasm": "0.2.10"
      }
    },
    "@mycelial/websocket": {
      "version": "0.2.10",
      "resolved": "https://registry.npmjs.org/@mycelial/websocket/-/websocket-0.2.10.tgz",
      "integrity": "sha512-ddgdv9rpZmytPYFqThr+Xb5gLzHcotyWVvqHNUcEFyJnjucEFZNO3SExlcZfbKuUGNjbqtw/HNTTmXmU+omHAQ==",
      "requires": {
        "lodash.isequal": "^4.5.0"
      }
    },
    "builtins": {
      "version": "5.0.1",
      "resolved": "https://registry.npmjs.org/builtins/-/builtins-5.0.1.tgz",
      "integrity": "sha512-qwVpFEHNfhYJIzNRBvd2C1kyo6jz3ZSMPyyuR47OPdiKWlbYnZNyDWuyR175qDnAJLiCo5fBBqPb3RiXgWlkOQ==",
      "requires": {
        "semver": "^7.0.0"
      }
    },
    "import-meta-resolve": {
      "version": "2.0.3",
      "resolved": "https://registry.npmjs.org/import-meta-resolve/-/import-meta-resolve-2.0.3.tgz",
      "integrity": "sha512-fpAppnBpZ3ymQ/dPP97TNsco1HB5+V9SYJ3chY50PP8xn4U/w+Y6ovWBmTImB/prmGsTjzPh8pQYY+EVBlr9mw==",
      "requires": {
        "builtins": "^5.0.0"
      }
    },
    "isomorphic-ws": {
      "version": "5.0.0",
      "resolved": "https://registry.npmjs.org/isomorphic-ws/-/isomorphic-ws-5.0.0.tgz",
      "integrity": "sha512-muId7Zzn9ywDsyXgTIafTry2sV3nySZeUDe6YedVd1Hvuuep5AsIlqK+XefWpYTyJG5e503F2xIuT2lcU6rCSw==",
      "requires": {}
    },
    "lodash.isequal": {
      "version": "4.5.0",
      "resolved": "https://registry.npmjs.org/lodash.isequal/-/lodash.isequal-4.5.0.tgz",
      "integrity": "sha512-pDo3lu8Jhfjqls6GkMgpahsF9kCyayhgykjyLMNFTKWrpVdAQtYyB4muAMWozBB4ig/dtWAmsMxLEI8wuz+DYQ=="
    },
    "lru-cache": {
      "version": "6.0.0",
      "resolved": "https://registry.npmjs.org/lru-cache/-/lru-cache-6.0.0.tgz",
      "integrity": "sha512-Jo6dJ04CmSjuznwJSS3pUeWmd/H0ffTlkXXgwZi+eq1UCmqQwCh+eLsYOYCwY991i2Fah4h1BEMCx4qThGbsiA==",
      "requires": {
        "yallist": "^4.0.0"
      }
    },
    "semver": {
      "version": "7.3.7",
      "resolved": "https://registry.npmjs.org/semver/-/semver-7.3.7.tgz",
      "integrity": "sha512-QlYTucUYOews+WeEujDoEGziz4K6c47V/Bd+LjSSYcA94p+DmINdf7ncaUinThfvZyu13lN9OY1XDxt8C0Tw0g==",
      "requires": {
        "lru-cache": "^6.0.0"
      }
    },
    "ws": {
      "version": "8.8.1",
      "resolved": "https://registry.npmjs.org/ws/-/ws-8.8.1.tgz",
      "integrity": "sha512-bGy2JzvzkPowEJV++hF07hAD6niYSr0JzBNo/J29WsB57A2r7Wlc1UFcTR9IzrPvuNVO4B8LGqF8qcpsVOhJCA==",
      "requires": {}
    },
    "yallist": {
      "version": "4.0.0",
      "resolved": "https://registry.npmjs.org/yallist/-/yallist-4.0.0.tgz",
      "integrity": "sha512-3wdGidZyq5PB084XLES5TpOSRA3wjXAlIWMhum2kRcv/41Sn2emQ0dycQW4uZXLejwKvg6EsvbdlVL+FYEct7A=="
    }
  }
}
